PODS:
  - Flutter (1.0.0)
  - libndi_bindings (0.0.1):
    - Flutter

DEPENDENCIES:
  - Flutter (from `Flutter`)
  - libndi_bindings (from `.symlinks/plugins/libndi_bindings/ios`)

EXTERNAL SOURCES:
  Flutter:
    :path: Flutter
  libndi_bindings:
    :path: ".symlinks/plugins/libndi_bindings/ios"

SPEC CHECKSUMS:
  Flutter: 50d75fe2f02b26cc09d224853bb45737f8b3214a
  libndi_bindings: bfeeb51d8cfa28138c9315f4cb7dae9399e41e87

PODFILE CHECKSUM: 3efef3e4c4241ddf19165efb8229df7447127bfd

COCOAPODS: 1.11.3
